
Microsoft Visual Studio Solution File, Format Version 12.00
# Visual Studio 2013
VisualStudioVersion = 12.0.40629.0
MinimumVisualStudioVersion = 10.0.40219.1
Project("{FAE04EC0-301F-11D3-BF4B-00C04F79EFBC}") = "Problem001", "Problem001\Problem001.csproj", "{F44B0624-8F58-4374-AA4F-18C21498B46C}"
EndProject
Project("{FAE04EC0-301F-11D3-BF4B-00C04F79EFBC}") = "Problem001Tests", "Problem001Tests\Problem001Tests.csproj", "{D348302F-668D-4C05-9B28-165C490CF8EC}"
	ProjectSection(ProjectDependencies) = postProject
		{F44B0624-8F58-4374-AA4F-18C21498B46C} = {F44B0624-8F58-4374-AA4F-18C21498B46C}
	EndProjectSection
EndProject
Global
	GlobalSection(SolutionConfigurationPlatforms) = preSolution
		Debug|Any CPU = Debug|Any CPU
		Release|Any CPU = Release|Any CPU
	EndGlobalSection
	GlobalSection(ProjectConfigurationPlatforms) = postSolution
		{F44B0624-8F58-4374-AA4F-18C21498B46C}.Debug|Any CPU.ActiveCfg = Debug|Any CPU
		{F44B0624-8F58-4374-AA4F-18C21498B46C}.Debug|Any CPU.Build.0 = Debug|Any CPU
		{F44B0624-8F58-4374-AA4F-18C21498B46C}.Release|Any CPU.ActiveCfg = Release|Any CPU
		{F44B0624-8F58-4374-AA4F-18C21498B46C}.Release|Any CPU.Build.0 = Release|Any CPU
		{D348302F-668D-4C05-9B28-165C490CF8EC}.Debug|Any CPU.ActiveCfg = Debug|Any CPU
		{D348302F-668D-4C05-9B28-165C490CF8EC}.Debug|Any CPU.Build.0 = Debug|Any CPU
		{D348302F-668D-4C05-9B28-165C490CF8EC}.Release|Any CPU.ActiveCfg = Release|Any CPU
		{D348302F-668D-4C05-9B28-165C490CF8EC}.Release|Any CPU.Build.0 = Release|Any CPU
	EndGlobalSection
	GlobalSection(SolutionProperties) = preSolution
		HideSolutionNode = FALSE
	EndGlobalSection
EndGlobal
