
Microsoft Visual Studio Solution File, Format Version 12.00
# Visual Studio 14
VisualStudioVersion = 14.0.23107.0
MinimumVisualStudioVersion = 10.0.40219.1
Project("{FAE04EC0-301F-11D3-BF4B-00C04F79EFBC}") = "Problem001", "Problem001\Problem001.csproj", "{F44B0624-8F58-4374-AA4F-18C21498B46C}"
EndProject
Project("{FAE04EC0-301F-11D3-BF4B-00C04F79EFBC}") = "Problem002", "Problem002\Problem002.csproj", "{E6921DC0-78A6-40EF-99D2-11284F6458FE}"
EndProject
Project("{FAE04EC0-301F-11D3-BF4B-00C04F79EFBC}") = "Tests", "Tests\Tests.csproj", "{75EB16B6-B3CC-4930-B235-5B2D6879DFCA}"
	ProjectSection(ProjectDependencies) = postProject
		{F44B0624-8F58-4374-AA4F-18C21498B46C} = {F44B0624-8F58-4374-AA4F-18C21498B46C}
		{E6921DC0-78A6-40EF-99D2-11284F6458FE} = {E6921DC0-78A6-40EF-99D2-11284F6458FE}
	EndProjectSection
EndProject
Project("{FAE04EC0-301F-11D3-BF4B-00C04F79EFBC}") = "Problem003", "Problem003\Problem003.csproj", "{D36FAB19-6F9A-490C-9A9D-2D5341669545}"
EndProject
Project("{FAE04EC0-301F-11D3-BF4B-00C04F79EFBC}") = "Problem004", "Problem004\Problem004.csproj", "{C70337C0-0E4A-46A2-8E20-49FF002814E0}"
EndProject
Global
	GlobalSection(SolutionConfigurationPlatforms) = preSolution
		Debug|Any CPU = Debug|Any CPU
		Release|Any CPU = Release|Any CPU
	EndGlobalSection
	GlobalSection(ProjectConfigurationPlatforms) = postSolution
		{F44B0624-8F58-4374-AA4F-18C21498B46C}.Debug|Any CPU.ActiveCfg = Debug|Any CPU
		{F44B0624-8F58-4374-AA4F-18C21498B46C}.Debug|Any CPU.Build.0 = Debug|Any CPU
		{F44B0624-8F58-4374-AA4F-18C21498B46C}.Release|Any CPU.ActiveCfg = Release|Any CPU
		{F44B0624-8F58-4374-AA4F-18C21498B46C}.Release|Any CPU.Build.0 = Release|Any CPU
		{E6921DC0-78A6-40EF-99D2-11284F6458FE}.Debug|Any CPU.ActiveCfg = Debug|Any CPU
		{E6921DC0-78A6-40EF-99D2-11284F6458FE}.Debug|Any CPU.Build.0 = Debug|Any CPU
		{E6921DC0-78A6-40EF-99D2-11284F6458FE}.Release|Any CPU.ActiveCfg = Release|Any CPU
		{E6921DC0-78A6-40EF-99D2-11284F6458FE}.Release|Any CPU.Build.0 = Release|Any CPU
		{75EB16B6-B3CC-4930-B235-5B2D6879DFCA}.Debug|Any CPU.ActiveCfg = Debug|Any CPU
		{75EB16B6-B3CC-4930-B235-5B2D6879DFCA}.Debug|Any CPU.Build.0 = Debug|Any CPU
		{75EB16B6-B3CC-4930-B235-5B2D6879DFCA}.Release|Any CPU.ActiveCfg = Release|Any CPU
		{75EB16B6-B3CC-4930-B235-5B2D6879DFCA}.Release|Any CPU.Build.0 = Release|Any CPU
		{D36FAB19-6F9A-490C-9A9D-2D5341669545}.Debug|Any CPU.ActiveCfg = Debug|Any CPU
		{D36FAB19-6F9A-490C-9A9D-2D5341669545}.Debug|Any CPU.Build.0 = Debug|Any CPU
		{D36FAB19-6F9A-490C-9A9D-2D5341669545}.Release|Any CPU.ActiveCfg = Release|Any CPU
		{D36FAB19-6F9A-490C-9A9D-2D5341669545}.Release|Any CPU.Build.0 = Release|Any CPU
		{C70337C0-0E4A-46A2-8E20-49FF002814E0}.Debug|Any CPU.ActiveCfg = Debug|Any CPU
		{C70337C0-0E4A-46A2-8E20-49FF002814E0}.Debug|Any CPU.Build.0 = Debug|Any CPU
		{C70337C0-0E4A-46A2-8E20-49FF002814E0}.Release|Any CPU.ActiveCfg = Release|Any CPU
		{C70337C0-0E4A-46A2-8E20-49FF002814E0}.Release|Any CPU.Build.0 = Release|Any CPU
	EndGlobalSection
	GlobalSection(SolutionProperties) = preSolution
		HideSolutionNode = FALSE
	EndGlobalSection
EndGlobal
